
Microsoft Visual Studio Solution File, Format Version 12.00
# Visual Studio Version 17
VisualStudioVersion = 17.7.34031.279
MinimumVisualStudioVersion = 10.0.40219.1
Project("{9A19103F-16F7-4668-BE54-9A1E7A4F7556}") = "ProjectAPI", "ProjectAPI\ProjectAPI.csproj", "{03D56A27-B637-4E92-8379-4BAF6174D55E}"
EndProject
Project("{9A19103F-16F7-4668-BE54-9A1E7A4F7556}") = "BusinessLayer", "BusinessLayer\BusinessLayer.csproj", "{C1B86472-805A-42E3-BC5F-58B9F4F7679A}"
EndProject
Project("{9A19103F-16F7-4668-BE54-9A1E7A4F7556}") = "DataAccessLayer", "DataAccessLayer\DataAccessLayer.csproj", "{BB816A88-36D5-4F2E-8168-24C7CD2F377B}"
EndProject
Project("{9A19103F-16F7-4668-BE54-9A1E7A4F7556}") = "EntityLayer", "EntityLayer\EntityLayer.csproj", "{AD60006B-783D-4C4A-93C6-0704DED35146}"
EndProject
Project("{FAE04EC0-301F-11D3-BF4B-00C04F79EFBC}") = "ProjectUI", "ProjectUI\ProjectUI.csproj", "{C4C12628-40C3-4936-A99C-1E7E97487AA5}"
EndProject
Global
	GlobalSection(SolutionConfigurationPlatforms) = preSolution
		Debug|Any CPU = Debug|Any CPU
		Release|Any CPU = Release|Any CPU
	EndGlobalSection
	GlobalSection(ProjectConfigurationPlatforms) = postSolution
		{03D56A27-B637-4E92-8379-4BAF6174D55E}.Debug|Any CPU.ActiveCfg = Debug|Any CPU
		{03D56A27-B637-4E92-8379-4BAF6174D55E}.Debug|Any CPU.Build.0 = Debug|Any CPU
		{03D56A27-B637-4E92-8379-4BAF6174D55E}.Release|Any CPU.ActiveCfg = Release|Any CPU
		{03D56A27-B637-4E92-8379-4BAF6174D55E}.Release|Any CPU.Build.0 = Release|Any CPU
		{C1B86472-805A-42E3-BC5F-58B9F4F7679A}.Debug|Any CPU.ActiveCfg = Debug|Any CPU
		{C1B86472-805A-42E3-BC5F-58B9F4F7679A}.Debug|Any CPU.Build.0 = Debug|Any CPU
		{C1B86472-805A-42E3-BC5F-58B9F4F7679A}.Release|Any CPU.ActiveCfg = Release|Any CPU
		{C1B86472-805A-42E3-BC5F-58B9F4F7679A}.Release|Any CPU.Build.0 = Release|Any CPU
		{BB816A88-36D5-4F2E-8168-24C7CD2F377B}.Debug|Any CPU.ActiveCfg = Debug|Any CPU
		{BB816A88-36D5-4F2E-8168-24C7CD2F377B}.Debug|Any CPU.Build.0 = Debug|Any CPU
		{BB816A88-36D5-4F2E-8168-24C7CD2F377B}.Release|Any CPU.ActiveCfg = Release|Any CPU
		{BB816A88-36D5-4F2E-8168-24C7CD2F377B}.Release|Any CPU.Build.0 = Release|Any CPU
		{AD60006B-783D-4C4A-93C6-0704DED35146}.Debug|Any CPU.ActiveCfg = Debug|Any CPU
		{AD60006B-783D-4C4A-93C6-0704DED35146}.Debug|Any CPU.Build.0 = Debug|Any CPU
		{AD60006B-783D-4C4A-93C6-0704DED35146}.Release|Any CPU.ActiveCfg = Release|Any CPU
		{AD60006B-783D-4C4A-93C6-0704DED35146}.Release|Any CPU.Build.0 = Release|Any CPU
		{C4C12628-40C3-4936-A99C-1E7E97487AA5}.Debug|Any CPU.ActiveCfg = Debug|Any CPU
		{C4C12628-40C3-4936-A99C-1E7E97487AA5}.Debug|Any CPU.Build.0 = Debug|Any CPU
		{C4C12628-40C3-4936-A99C-1E7E97487AA5}.Release|Any CPU.ActiveCfg = Release|Any CPU
		{C4C12628-40C3-4936-A99C-1E7E97487AA5}.Release|Any CPU.Build.0 = Release|Any CPU
	EndGlobalSection
	GlobalSection(SolutionProperties) = preSolution
		HideSolutionNode = FALSE
	EndGlobalSection
	GlobalSection(ExtensibilityGlobals) = postSolution
		SolutionGuid = {26DAD6AC-65A0-4CA3-A64C-7C4BD07F376B}
	EndGlobalSection
EndGlobal
